
Microsoft Visual Studio Solution File, Format Version 12.00
# Visual Studio Version 16
VisualStudioVersion = 16.0.31702.278
MinimumVisualStudioVersion = 10.0.40219.1
Project("{FAE04EC0-301F-11D3-BF4B-00C04F79EFBC}") = "Evolucios", "Evolucios\Evolucios.csproj", "{A35C8151-3FD7-4448-B1FC-6B5209E0FAB6}"
EndProject
Global
	GlobalSection(SolutionConfigurationPlatforms) = preSolution
		Debug|Any CPU = Debug|Any CPU
		Release|Any CPU = Release|Any CPU
	EndGlobalSection
	GlobalSection(ProjectConfigurationPlatforms) = postSolution
		{A35C8151-3FD7-4448-B1FC-6B5209E0FAB6}.Debug|Any CPU.ActiveCfg = Debug|Any CPU
		{A35C8151-3FD7-4448-B1FC-6B5209E0FAB6}.Debug|Any CPU.Build.0 = Debug|Any CPU
		{A35C8151-3FD7-4448-B1FC-6B5209E0FAB6}.Release|Any CPU.ActiveCfg = Release|Any CPU
		{A35C8151-3FD7-4448-B1FC-6B5209E0FAB6}.Release|Any CPU.Build.0 = Release|Any CPU
	EndGlobalSection
	GlobalSection(SolutionProperties) = preSolution
		HideSolutionNode = FALSE
	EndGlobalSection
	GlobalSection(ExtensibilityGlobals) = postSolution
		SolutionGuid = {0FB3C1DB-F261-401D-B4DE-AEDDA8F3FE48}
	EndGlobalSection
EndGlobal
