
Microsoft Visual Studio Solution File, Format Version 12.00
# Visual Studio Version 16
VisualStudioVersion = 16.0.31702.278
MinimumVisualStudioVersion = 10.0.40219.1
Project("{FAE04EC0-301F-11D3-BF4B-00C04F79EFBC}") = "VaR", "VaR\VaR.csproj", "{007378E6-A357-4F37-808C-ABD234042C79}"
EndProject
Global
	GlobalSection(SolutionConfigurationPlatforms) = preSolution
		Debug|Any CPU = Debug|Any CPU
		Release|Any CPU = Release|Any CPU
	EndGlobalSection
	GlobalSection(ProjectConfigurationPlatforms) = postSolution
		{007378E6-A357-4F37-808C-ABD234042C79}.Debug|Any CPU.ActiveCfg = Debug|Any CPU
		{007378E6-A357-4F37-808C-ABD234042C79}.Debug|Any CPU.Build.0 = Debug|Any CPU
		{007378E6-A357-4F37-808C-ABD234042C79}.Release|Any CPU.ActiveCfg = Release|Any CPU
		{007378E6-A357-4F37-808C-ABD234042C79}.Release|Any CPU.Build.0 = Release|Any CPU
	EndGlobalSection
	GlobalSection(SolutionProperties) = preSolution
		HideSolutionNode = FALSE
	EndGlobalSection
	GlobalSection(ExtensibilityGlobals) = postSolution
		SolutionGuid = {911C24D6-6C60-4089-86FF-3E13614B7836}
	EndGlobalSection
EndGlobal
